// !$*UTF8*$!
{
	archiveVersion = 1;
	classes = {
	};
	objectVersion = 46;
	objects = {

/* Begin PBXBuildFile section */
		612A1DDF1B918A7300E7908C /* AppDelegate.swift in Sources */ = {isa = PBXBuildFile; fileRef = 612A1DDE1B918A7300E7908C /* AppDelegate.swift */; };
		612A1DE11B918A7300E7908C /* TopicsTableViewController.swift in Sources */ = {isa = PBXBuildFile; fileRef = 612A1DE01B918A7300E7908C /* TopicsTableViewController.swift */; };
		612A1DE41B918A7300E7908C /* Main.storyboard in Resources */ = {isa = PBXBuildFile; fileRef = 612A1DE21B918A7300E7908C /* Main.storyboard */; };
		612A1DE61B918A7300E7908C /* Images.xcassets in Resources */ = {isa = PBXBuildFile; fileRef = 612A1DE51B918A7300E7908C /* Images.xcassets */; };
		612A1DE91B918A7300E7908C /* LaunchScreen.xib in Resources */ = {isa = PBXBuildFile; fileRef = 612A1DE71B918A7300E7908C /* LaunchScreen.xib */; };
		612A1DF51B918A7300E7908C /* DemoTests.swift in Sources */ = {isa = PBXBuildFile; fileRef = 612A1DF41B918A7300E7908C /* DemoTests.swift */; };
		612A1DFF1B918B6300E7908C /* Topic.swift in Sources */ = {isa = PBXBuildFile; fileRef = 612A1DFE1B918B6300E7908C /* Topic.swift */; };
		617234C91B9D6E0D00064E81 /* ContainerViewController.swift in Sources */ = {isa = PBXBuildFile; fileRef = 617234C81B9D6E0D00064E81 /* ContainerViewController.swift */; };
		617234CB1B9D6E1E00064E81 /* SideViewController.swift in Sources */ = {isa = PBXBuildFile; fileRef = 617234CA1B9D6E1E00064E81 /* SideViewController.swift */; };
		61A0C9D01BA722AE0094D352 /* BasicTableViewController.swift in Sources */ = {isa = PBXBuildFile; fileRef = 61A0C9CF1BA722AE0094D352 /* BasicTableViewController.swift */; };
		61C1285F1BA135AC0048F817 /* VideosTableViewController.swift in Sources */ = {isa = PBXBuildFile; fileRef = 61C1285E1BA135AC0048F817 /* VideosTableViewController.swift */; };
		61C128631BA136AB0048F817 /* VideoTableViewCell.swift in Sources */ = {isa = PBXBuildFile; fileRef = 61C128621BA136AB0048F817 /* VideoTableViewCell.swift */; };
		61CFF8661B93556C00418BAF /* TableViewCell.swift in Sources */ = {isa = PBXBuildFile; fileRef = 61CFF8651B93556C00418BAF /* TableViewCell.swift */; };
		61CFF8681B94123C00418BAF /* TopicViewController.swift in Sources */ = {isa = PBXBuildFile; fileRef = 61CFF8671B94123C00418BAF /* TopicViewController.swift */; };
		9FE9FD8D5A2A26C78F02DF47 /* Pods_Demo.framework in Frameworks */ = {isa = PBXBuildFile; fileRef = AAF5EDD3813E80F053309267 /* Pods_Demo.framework */; settings = {ATTRIBUTES = (Weak, ); }; };
/* End PBXBuildFile section */

/* Begin PBXContainerItemProxy section */
		612A1DEF1B918A7300E7908C /* PBXContainerItemProxy */ = {
			isa = PBXContainerItemProxy;
			containerPortal = 612A1DD11B918A7300E7908C /* Project object */;
			proxyType = 1;
			remoteGlobalIDString = 612A1DD81B918A7300E7908C;
			remoteInfo = Demo;
		};
/* End PBXContainerItemProxy section */

/* Begin PBXFileReference section */
		612A1DD91B918A7300E7908C /* Demo.app */ = {isa = PBXFileReference; explicitFileType = wrapper.application; includeInIndex = 0; path = Demo.app; sourceTree = BUILT_PRODUCTS_DIR; };
		612A1DDD1B918A7300E7908C /* Info.plist */ = {isa = PBXFileReference; lastKnownFileType = text.plist.xml; path = Info.plist; sourceTree = "<group>"; };
		612A1DDE1B918A7300E7908C /* AppDelegate.swift */ = {isa = PBXFileReference; lastKnownFileType = sourcecode.swift; path = AppDelegate.swift; sourceTree = "<group>"; };
		612A1DE01B918A7300E7908C /* TopicsTableViewController.swift */ = {isa = PBXFileReference; lastKnownFileType = sourcecode.swift; path = TopicsTableViewController.swift; sourceTree = "<group>"; };
		612A1DE31B918A7300E7908C /* Base */ = {isa = PBXFileReference; lastKnownFileType = file.storyboard; name = Base; path = Base.lproj/Main.storyboard; sourceTree = "<group>"; };
		612A1DE51B918A7300E7908C /* Images.xcassets */ = {isa = PBXFileReference; lastKnownFileType = folder.assetcatalog; path = Images.xcassets; sourceTree = "<group>"; };
		612A1DE81B918A7300E7908C /* Base */ = {isa = PBXFileReference; lastKnownFileType = file.xib; name = Base; path = Base.lproj/LaunchScreen.xib; sourceTree = "<group>"; };
		612A1DEE1B918A7300E7908C /* DemoTests.xctest */ = {isa = PBXFileReference; explicitFileType = wrapper.cfbundle; includeInIndex = 0; path = DemoTests.xctest; sourceTree = BUILT_PRODUCTS_DIR; };
		612A1DF31B918A7300E7908C /* Info.plist */ = {isa = PBXFileReference; lastKnownFileType = text.plist.xml; path = Info.plist; sourceTree = "<group>"; };
		612A1DF41B918A7300E7908C /* DemoTests.swift */ = {isa = PBXFileReference; lastKnownFileType = sourcecode.swift; path = DemoTests.swift; sourceTree = "<group>"; };
		612A1DFE1B918B6300E7908C /* Topic.swift */ = {isa = PBXFileReference; fileEncoding = 4; lastKnownFileType = sourcecode.swift; path = Topic.swift; sourceTree = "<group>"; };
		617234C81B9D6E0D00064E81 /* ContainerViewController.swift */ = {isa = PBXFileReference; fileEncoding = 4; lastKnownFileType = sourcecode.swift; path = ContainerViewController.swift; sourceTree = "<group>"; };
		617234CA1B9D6E1E00064E81 /* SideViewController.swift */ = {isa = PBXFileReference; fileEncoding = 4; lastKnownFileType = sourcecode.swift; path = SideViewController.swift; sourceTree = "<group>"; };
		61A0C9CF1BA722AE0094D352 /* BasicTableViewController.swift */ = {isa = PBXFileReference; fileEncoding = 4; lastKnownFileType = sourcecode.swift; path = BasicTableViewController.swift; sourceTree = "<group>"; };
		61C1285E1BA135AC0048F817 /* VideosTableViewController.swift */ = {isa = PBXFileReference; fileEncoding = 4; lastKnownFileType = sourcecode.swift; path = VideosTableViewController.swift; sourceTree = "<group>"; };
		61C128621BA136AB0048F817 /* VideoTableViewCell.swift */ = {isa = PBXFileReference; fileEncoding = 4; lastKnownFileType = sourcecode.swift; path = VideoTableViewCell.swift; sourceTree = "<group>"; };
		61CFF8651B93556C00418BAF /* TableViewCell.swift */ = {isa = PBXFileReference; fileEncoding = 4; lastKnownFileType = sourcecode.swift; path = TableViewCell.swift; sourceTree = "<group>"; };
		61CFF8671B94123C00418BAF /* TopicViewController.swift */ = {isa = PBXFileReference; fileEncoding = 4; lastKnownFileType = sourcecode.swift; path = TopicViewController.swift; sourceTree = "<group>"; };
		8849FFAED629E2618F9C9C76 /* Pods-Demo.release.xcconfig */ = {isa = PBXFileReference; includeInIndex = 1; lastKnownFileType = text.xcconfig; name = "Pods-Demo.release.xcconfig"; path = "Pods/Target Support Files/Pods-Demo/Pods-Demo.release.xcconfig"; sourceTree = "<group>"; };
		AAB8AA6E831E0740FF763DA3 /* Pods-Demo.debug.xcconfig */ = {isa = PBXFileReference; includeInIndex = 1; lastKnownFileType = text.xcconfig; name = "Pods-Demo.debug.xcconfig"; path = "Pods/Target Support Files/Pods-Demo/Pods-Demo.debug.xcconfig"; sourceTree = "<group>"; };
		AAF5EDD3813E80F053309267 /* Pods_Demo.framework */ = {isa = PBXFileReference; explicitFileType = wrapper.framework; includeInIndex = 0; path = Pods_Demo.framework; sourceTree = BUILT_PRODUCTS_DIR; };
/* End PBXFileReference section */

/* Begin PBXFrameworksBuildPhase section */
		612A1DD61B918A7300E7908C /* Frameworks */ = {
			isa = PBXFrameworksBuildPhase;
			buildActionMask = 2147483647;
			files = (
				9FE9FD8D5A2A26C78F02DF47 /* Pods_Demo.framework in Frameworks */,
			);
			runOnlyForDeploymentPostprocessing = 0;
		};
		612A1DEB1B918A7300E7908C /* Frameworks */ = {
			isa = PBXFrameworksBuildPhase;
			buildActionMask = 2147483647;
			files = (
			);
			runOnlyForDeploymentPostprocessing = 0;
		};
/* End PBXFrameworksBuildPhase section */

/* Begin PBXGroup section */
		04EAA8B503FA15C20DA4027F /* Frameworks */ = {
			isa = PBXGroup;
			children = (
				AAF5EDD3813E80F053309267 /* Pods_Demo.framework */,
			);
			name = Frameworks;
			sourceTree = "<group>";
		};
		612A1DD01B918A7300E7908C = {
			isa = PBXGroup;
			children = (
				612A1DDB1B918A7300E7908C /* Demo */,
				612A1DF11B918A7300E7908C /* DemoTests */,
				612A1DDA1B918A7300E7908C /* Products */,
				7E1DD86D5901A53C3540FCFC /* Pods */,
				04EAA8B503FA15C20DA4027F /* Frameworks */,
			);
			sourceTree = "<group>";
		};
		612A1DDA1B918A7300E7908C /* Products */ = {
			isa = PBXGroup;
			children = (
				612A1DD91B918A7300E7908C /* Demo.app */,
				612A1DEE1B918A7300E7908C /* DemoTests.xctest */,
			);
			name = Products;
			sourceTree = "<group>";
		};
		612A1DDB1B918A7300E7908C /* Demo */ = {
			isa = PBXGroup;
			children = (
				61A0C9D31BA72A6A0094D352 /* Model */,
				61A0C9D21BA72A640094D352 /* View */,
				61A0C9D11BA72A580094D352 /* Controller */,
				612A1DE21B918A7300E7908C /* Main.storyboard */,
				612A1DE71B918A7300E7908C /* LaunchScreen.xib */,
				612A1DDC1B918A7300E7908C /* Supporting Files */,
			);
			path = Demo;
			sourceTree = "<group>";
		};
		612A1DDC1B918A7300E7908C /* Supporting Files */ = {
			isa = PBXGroup;
			children = (
				612A1DE51B918A7300E7908C /* Images.xcassets */,
				612A1DDE1B918A7300E7908C /* AppDelegate.swift */,
				612A1DDD1B918A7300E7908C /* Info.plist */,
			);
			name = "Supporting Files";
			sourceTree = "<group>";
		};
		612A1DF11B918A7300E7908C /* DemoTests */ = {
			isa = PBXGroup;
			children = (
				612A1DF41B918A7300E7908C /* DemoTests.swift */,
				612A1DF21B918A7300E7908C /* Supporting Files */,
			);
			path = DemoTests;
			sourceTree = "<group>";
		};
		612A1DF21B918A7300E7908C /* Supporting Files */ = {
			isa = PBXGroup;
			children = (
				612A1DF31B918A7300E7908C /* Info.plist */,
			);
			name = "Supporting Files";
			sourceTree = "<group>";
		};
		61A0C9D11BA72A580094D352 /* Controller */ = {
			isa = PBXGroup;
			children = (
				617234C81B9D6E0D00064E81 /* ContainerViewController.swift */,
				617234CA1B9D6E1E00064E81 /* SideViewController.swift */,
				61A0C9CF1BA722AE0094D352 /* BasicTableViewController.swift */,
				612A1DE01B918A7300E7908C /* TopicsTableViewController.swift */,
				61CFF8671B94123C00418BAF /* TopicViewController.swift */,
				61C1285E1BA135AC0048F817 /* VideosTableViewController.swift */,
			);
			path = Controller;
			sourceTree = "<group>";
		};
		61A0C9D21BA72A640094D352 /* View */ = {
			isa = PBXGroup;
			children = (
				61C128621BA136AB0048F817 /* VideoTableViewCell.swift */,
				61CFF8651B93556C00418BAF /* TableViewCell.swift */,
			);
			path = View;
			sourceTree = "<group>";
		};
		61A0C9D31BA72A6A0094D352 /* Model */ = {
			isa = PBXGroup;
			children = (
				612A1DFE1B918B6300E7908C /* Topic.swift */,
			);
			path = Model;
			sourceTree = "<group>";
		};
		7E1DD86D5901A53C3540FCFC /* Pods */ = {
			isa = PBXGroup;
			children = (
				AAB8AA6E831E0740FF763DA3 /* Pods-Demo.debug.xcconfig */,
				8849FFAED629E2618F9C9C76 /* Pods-Demo.release.xcconfig */,
			);
			name = Pods;
			sourceTree = "<group>";
		};
/* End PBXGroup section */

/* Begin PBXNativeTarget section */
		612A1DD81B918A7300E7908C /* Demo */ = {
			isa = PBXNativeTarget;
			buildConfigurationList = 612A1DF81B918A7300E7908C /* Build configuration list for PBXNativeTarget "Demo" */;
			buildPhases = (
				09F6AEC31689751B17F2C8EC /* Check Pods Manifest.lock */,
				612A1DD51B918A7300E7908C /* Sources */,
				612A1DD61B918A7300E7908C /* Frameworks */,
				612A1DD71B918A7300E7908C /* Resources */,
				DD3F38090BF6365CABF97C35 /* Embed Pods Frameworks */,
				1871898DA030593FA035887D /* Copy Pods Resources */,
			);
			buildRules = (
			);
			dependencies = (
			);
			name = Demo;
			productName = Demo;
			productReference = 612A1DD91B918A7300E7908C /* Demo.app */;
			productType = "com.apple.product-type.application";
		};
		612A1DED1B918A7300E7908C /* DemoTests */ = {
			isa = PBXNativeTarget;
			buildConfigurationList = 612A1DFB1B918A7300E7908C /* Build configuration list for PBXNativeTarget "DemoTests" */;
			buildPhases = (
				612A1DEA1B918A7300E7908C /* Sources */,
				612A1DEB1B918A7300E7908C /* Frameworks */,
				612A1DEC1B918A7300E7908C /* Resources */,
			);
			buildRules = (
			);
			dependencies = (
				612A1DF01B918A7300E7908C /* PBXTargetDependency */,
			);
			name = DemoTests;
			productName = DemoTests;
			productReference = 612A1DEE1B918A7300E7908C /* DemoTests.xctest */;
			productType = "com.apple.product-type.bundle.unit-test";
		};
/* End PBXNativeTarget section */

/* Begin PBXProject section */
		612A1DD11B918A7300E7908C /* Project object */ = {
			isa = PBXProject;
			attributes = {
				LastUpgradeCheck = 0640;
				ORGANIZATIONNAME = cloud;
				TargetAttributes = {
					612A1DD81B918A7300E7908C = {
						CreatedOnToolsVersion = 6.4;
					};
					612A1DED1B918A7300E7908C = {
						CreatedOnToolsVersion = 6.4;
						TestTargetID = 612A1DD81B918A7300E7908C;
					};
				};
			};
			buildConfigurationList = 612A1DD41B918A7300E7908C /* Build configuration list for PBXProject "Demo" */;
			compatibilityVersion = "Xcode 3.2";
			developmentRegion = English;
			hasScannedForEncodings = 0;
			knownRegions = (
				en,
				Base,
			);
			mainGroup = 612A1DD01B918A7300E7908C;
			productRefGroup = 612A1DDA1B918A7300E7908C /* Products */;
			projectDirPath = "";
			projectRoot = "";
			targets = (
				612A1DD81B918A7300E7908C /* Demo */,
				612A1DED1B918A7300E7908C /* DemoTests */,
			);
		};
/* End PBXProject section */

/* Begin PBXResourcesBuildPhase section */
		612A1DD71B918A7300E7908C /* Resources */ = {
			isa = PBXResourcesBuildPhase;
			buildActionMask = 2147483647;
			files = (
				612A1DE41B918A7300E7908C /* Main.storyboard in Resources */,
				612A1DE91B918A7300E7908C /* LaunchScreen.xib in Resources */,
				612A1DE61B918A7300E7908C /* Images.xcassets in Resources */,
			);
			runOnlyForDeploymentPostprocessing = 0;
		};
		612A1DEC1B918A7300E7908C /* Resources */ = {
			isa = PBXResourcesBuildPhase;
			buildActionMask = 2147483647;
			files = (
			);
			runOnlyForDeploymentPostprocessing = 0;
		};
/* End PBXResourcesBuildPhase section */

/* Begin PBXShellScriptBuildPhase section */
		09F6AEC31689751B17F2C8EC /* Check Pods Manifest.lock */ = {
			isa = PBXShellScriptBuildPhase;
			buildActionMask = 2147483647;
			files = (
			);
			inputPaths = (
			);
			name = "Check Pods Manifest.lock";
			outputPaths = (
			);
			runOnlyForDeploymentPostprocessing = 0;
			shellPath = /bin/sh;
			shellScript = "diff \"${PODS_ROOT}/../Podfile.lock\" \"${PODS_ROOT}/Manifest.lock\" > /dev/null\nif [[ $? != 0 ]] ; then\n    cat << EOM\nerror: The sandbox is not in sync with the Podfile.lock. Run 'pod install' or update your CocoaPods installation.\nEOM\n    exit 1\nfi\n";
			showEnvVarsInLog = 0;
		};
		1871898DA030593FA035887D /* Copy Pods Resources */ = {
			isa = PBXShellScriptBuildPhase;
			buildActionMask = 2147483647;
			files = (
			);
			inputPaths = (
			);
			name = "Copy Pods Resources";
			outputPaths = (
			);
			runOnlyForDeploymentPostprocessing = 0;
			shellPath = /bin/sh;
			shellScript = "\"${SRCROOT}/Pods/Target Support Files/Pods-Demo/Pods-Demo-resources.sh\"\n";
			showEnvVarsInLog = 0;
		};
		DD3F38090BF6365CABF97C35 /* Embed Pods Frameworks */ = {
			isa = PBXShellScriptBuildPhase;
			buildActionMask = 2147483647;
			files = (
			);
			inputPaths = (
			);
			name = "Embed Pods Frameworks";
			outputPaths = (
			);
			runOnlyForDeploymentPostprocessing = 0;
			shellPath = /bin/sh;
			shellScript = "\"${SRCROOT}/Pods/Target Support Files/Pods-Demo/Pods-Demo-frameworks.sh\"\n";
			showEnvVarsInLog = 0;
		};
/* End PBXShellScriptBuildPhase section */

/* Begin PBXSourcesBuildPhase section */
		612A1DD51B918A7300E7908C /* Sources */ = {
			isa = PBXSourcesBuildPhase;
			buildActionMask = 2147483647;
			files = (
				61CFF8661B93556C00418BAF /* TableViewCell.swift in Sources */,
				612A1DE11B918A7300E7908C /* TopicsTableViewController.swift in Sources */,
				617234C91B9D6E0D00064E81 /* ContainerViewController.swift in Sources */,
				61CFF8681B94123C00418BAF /* TopicViewController.swift in Sources */,
				61A0C9D01BA722AE0094D352 /* BasicTableViewController.swift in Sources */,
				612A1DFF1B918B6300E7908C /* Topic.swift in Sources */,
				612A1DDF1B918A7300E7908C /* AppDelegate.swift in Sources */,
				61C1285F1BA135AC0048F817 /* VideosTableViewController.swift in Sources */,
				617234CB1B9D6E1E00064E81 /* SideViewController.swift in Sources */,
				61C128631BA136AB0048F817 /* VideoTableViewCell.swift in Sources */,
			);
			runOnlyForDeploymentPostprocessing = 0;
		};
		612A1DEA1B918A7300E7908C /* Sources */ = {
			isa = PBXSourcesBuildPhase;
			buildActionMask = 2147483647;
			files = (
				612A1DF51B918A7300E7908C /* DemoTests.swift in Sources */,
			);
			runOnlyForDeploymentPostprocessing = 0;
		};
/* End PBXSourcesBuildPhase section */

/* Begin PBXTargetDependency section */
		612A1DF01B918A7300E7908C /* PBXTargetDependency */ = {
			isa = PBXTargetDependency;
			target = 612A1DD81B918A7300E7908C /* Demo */;
			targetProxy = 612A1DEF1B918A7300E7908C /* PBXContainerItemProxy */;
		};
/* End PBXTargetDependency section */

/* Begin PBXVariantGroup section */
		612A1DE21B918A7300E7908C /* Main.storyboard */ = {
			isa = PBXVariantGroup;
			children = (
				612A1DE31B918A7300E7908C /* Base */,
			);
			name = Main.storyboard;
			sourceTree = "<group>";
		};
		612A1DE71B918A7300E7908C /* LaunchScreen.xib */ = {
			isa = PBXVariantGroup;
			children = (
				612A1DE81B918A7300E7908C /* Base */,
			);
			name = LaunchScreen.xib;
			sourceTree = "<group>";
		};
/* End PBXVariantGroup section */

/* Begin XCBuildConfiguration section */
		612A1DF61B918A7300E7908C /* Debug */ = {
			isa = XCBuildConfiguration;
			buildSettings = {
				ALWAYS_SEARCH_USER_PATHS = NO;
				CLANG_CXX_LANGUAGE_STANDARD = "gnu++0x";
				CLANG_CXX_LIBRARY = "libc++";
				CLANG_ENABLE_MODULES = YES;
				CLANG_ENABLE_OBJC_ARC = YES;
				CLANG_WARN_BOOL_CONVERSION = YES;
				CLANG_WARN_CONSTANT_CONVERSION = YES;
				CLANG_WARN_DIRECT_OBJC_ISA_USAGE = YES_ERROR;
				CLANG_WARN_EMPTY_BODY = YES;
				CLANG_WARN_ENUM_CONVERSION = YES;
				CLANG_WARN_INT_CONVERSION = YES;
				CLANG_WARN_OBJC_ROOT_CLASS = YES_ERROR;
				CLANG_WARN_UNREACHABLE_CODE = YES;
				CLANG_WARN__DUPLICATE_METHOD_MATCH = YES;
				"CODE_SIGN_IDENTITY[sdk=iphoneos*]" = "iPhone Developer";
				COPY_PHASE_STRIP = NO;
				DEBUG_INFORMATION_FORMAT = "dwarf-with-dsym";
				ENABLE_STRICT_OBJC_MSGSEND = YES;
				GCC_C_LANGUAGE_STANDARD = gnu99;
				GCC_DYNAMIC_NO_PIC = NO;
				GCC_NO_COMMON_BLOCKS = YES;
				GCC_OPTIMIZATION_LEVEL = 0;
				GCC_PREPROCESSOR_DEFINITIONS = (
					"DEBUG=1",
					"$(inherited)",
				);
				GCC_SYMBOLS_PRIVATE_EXTERN = NO;
				GCC_WARN_64_TO_32_BIT_CONVERSION = YES;
				GCC_WARN_ABOUT_RETURN_TYPE = YES_ERROR;
				GCC_WARN_UNDECLARED_SELECTOR = YES;
				GCC_WARN_UNINITIALIZED_AUTOS = YES_AGGRESSIVE;
				GCC_WARN_UNUSED_FUNCTION = YES;
				GCC_WARN_UNUSED_VARIABLE = YES;
				IPHONEOS_DEPLOYMENT_TARGET = 8.4;
				MTL_ENABLE_DEBUG_INFO = YES;
				ONLY_ACTIVE_ARCH = YES;
				SDKROOT = iphoneos;
				SWIFT_OPTIMIZATION_LEVEL = "-Onone";
				TARGETED_DEVICE_FAMILY = "1,2";
			};
			name = Debug;
		};
		612A1DF71B918A7300E7908C /* Release */ = {
			isa = XCBuildConfiguration;
			buildSettings = {
				ALWAYS_SEARCH_USER_PATHS = NO;
				CLANG_CXX_LANGUAGE_STANDARD = "gnu++0x";
				CLANG_CXX_LIBRARY = "libc++";
				CLANG_ENABLE_MODULES = YES;
				CLANG_ENABLE_OBJC_ARC = YES;
				CLANG_WARN_BOOL_CONVERSION = YES;
				CLANG_WARN_CONSTANT_CONVERSION = YES;
				CLANG_WARN_DIRECT_OBJC_ISA_USAGE = YES_ERROR;
				CLANG_WARN_EMPTY_BODY = YES;
				CLANG_WARN_ENUM_CONVERSION = YES;
				CLANG_WARN_INT_CONVERSION = YES;
				CLANG_WARN_OBJC_ROOT_CLASS = YES_ERROR;
				CLANG_WARN_UNREACHABLE_CODE = YES;
				CLANG_WARN__DUPLICATE_METHOD_MATCH = YES;
				"CODE_SIGN_IDENTITY[sdk=iphoneos*]" = "iPhone Developer";
				COPY_PHASE_STRIP = NO;
				DEBUG_INFORMATION_FORMAT = "dwarf-with-dsym";
				ENABLE_NS_ASSERTIONS = NO;
				ENABLE_STRICT_OBJC_MSGSEND = YES;
				GCC_C_LANGUAGE_STANDARD = gnu99;
				GCC_NO_COMMON_BLOCKS = YES;
				GCC_WARN_64_TO_32_BIT_CONVERSION = YES;
				GCC_WARN_ABOUT_RETURN_TYPE = YES_ERROR;
				GCC_WARN_UNDECLARED_SELECTOR = YES;
				GCC_WARN_UNINITIALIZED_AUTOS = YES_AGGRESSIVE;
				GCC_WARN_UNUSED_FUNCTION = YES;
				GCC_WARN_UNUSED_VARIABLE = YES;
				IPHONEOS_DEPLOYMENT_TARGET = 8.4;
				MTL_ENABLE_DEBUG_INFO = NO;
				SDKROOT = iphoneos;
				TARGETED_DEVICE_FAMILY = "1,2";
				VALIDATE_PRODUCT = YES;
			};
			name = Release;
		};
		612A1DF91B918A7300E7908C /* Debug */ = {
			isa = XCBuildConfiguration;
			baseConfigurationReference = AAB8AA6E831E0740FF763DA3 /* Pods-Demo.debug.xcconfig */;
			buildSettings = {
				ASSETCATALOG_COMPILER_APPICON_NAME = AppIcon;
				INFOPLIST_FILE = Demo/Info.plist;
				LD_RUNPATH_SEARCH_PATHS = "$(inherited) @executable_path/Frameworks";
				PRODUCT_NAME = "$(TARGET_NAME)";
			};
			name = Debug;
		};
		612A1DFA1B918A7300E7908C /* Release */ = {
			isa = XCBuildConfiguration;
			baseConfigurationReference = 8849FFAED629E2618F9C9C76 /* Pods-Demo.release.xcconfig */;
			buildSettings = {
				ASSETCATALOG_COMPILER_APPICON_NAME = AppIcon;
				INFOPLIST_FILE = Demo/Info.plist;
				LD_RUNPATH_SEARCH_PATHS = "$(inherited) @executable_path/Frameworks";
				PRODUCT_NAME = "$(TARGET_NAME)";
			};
			name = Release;
		};
		612A1DFC1B918A7300E7908C /* Debug */ = {
			isa = XCBuildConfiguration;
			buildSettings = {
				BUNDLE_LOADER = "$(TEST_HOST)";
				FRAMEWORK_SEARCH_PATHS = (
					"$(SDKROOT)/Developer/Library/Frameworks",
					"$(inherited)",
				);
				GCC_PREPROCESSOR_DEFINITIONS = (
					"DEBUG=1",
					"$(inherited)",
				);
				INFOPLIST_FILE = DemoTests/Info.plist;
				LD_RUNPATH_SEARCH_PATHS = "$(inherited) @executable_path/Frameworks @loader_path/Frameworks";
				PRODUCT_NAME = "$(TARGET_NAME)";
				TEST_HOST = "$(BUILT_PRODUCTS_DIR)/Demo.app/Demo";
			};
			name = Debug;
		};
		612A1DFD1B918A7300E7908C /* Release */ = {
			isa = XCBuildConfiguration;
			buildSettings = {
				BUNDLE_LOADER = "$(TEST_HOST)";
				FRAMEWORK_SEARCH_PATHS = (
					"$(SDKROOT)/Developer/Library/Frameworks",
					"$(inherited)",
				);
				INFOPLIST_FILE = DemoTests/Info.plist;
				LD_RUNPATH_SEARCH_PATHS = "$(inherited) @executable_path/Frameworks @loader_path/Frameworks";
				PRODUCT_NAME = "$(TARGET_NAME)";
				TEST_HOST = "$(BUILT_PRODUCTS_DIR)/Demo.app/Demo";
			};
			name = Release;
		};
/* End XCBuildConfiguration section */

/* Begin XCConfigurationList section */
		612A1DD41B918A7300E7908C /* Build configuration list for PBXProject "Demo" */ = {
			isa = XCConfigurationList;
			buildConfigurations = (
				612A1DF61B918A7300E7908C /* Debug */,
				612A1DF71B918A7300E7908C /* Release */,
			);
			defaultConfigurationIsVisible = 0;
			defaultConfigurationName = Release;
		};
		612A1DF81B918A7300E7908C /* Build configuration list for PBXNativeTarget "Demo" */ = {
			isa = XCConfigurationList;
			buildConfigurations = (
				612A1DF91B918A7300E7908C /* Debug */,
				612A1DFA1B918A7300E7908C /* Release */,
			);
			defaultConfigurationIsVisible = 0;
			defaultConfigurationName = Release;
		};
		612A1DFB1B918A7300E7908C /* Build configuration list for PBXNativeTarget "DemoTests" */ = {
			isa = XCConfigurationList;
			buildConfigurations = (
				612A1DFC1B918A7300E7908C /* Debug */,
				612A1DFD1B918A7300E7908C /* Release */,
			);
			defaultConfigurationIsVisible = 0;
			defaultConfigurationName = Release;
		};
/* End XCConfigurationList section */
	};
	rootObject = 612A1DD11B918A7300E7908C /* Project object */;
}
